
Microsoft Visual Studio Solution File, Format Version 12.00
# Visual Studio Version 16
VisualStudioVersion = 16.0.31911.196
MinimumVisualStudioVersion = 10.0.40219.1
Project("{2150E333-8FDC-42A3-9474-1A3956D46DE8}") = "Services", "Services", "{0C7F4A3B-F81F-4395-8471-8B0B92544170}"
EndProject
Project("{2150E333-8FDC-42A3-9474-1A3956D46DE8}") = "Catalog", "Catalog", "{C95DDDA6-F911-4F98-956E-B862B031C5B2}"
EndProject
Project("{9A19103F-16F7-4668-BE54-9A1E7A4F7556}") = "Catalog.API", "Services\Catalog\Catalog.API\Catalog.API.csproj", "{F15DF87C-9ABE-473F-A710-2DCFB8DD7765}"
EndProject
Project("{E53339B2-1760-4266-BCC7-CA923CBCF16C}") = "docker-compose", "docker-compose.dcproj", "{E977FD14-716D-44FA-A2E7-FC02E3F88988}"
EndProject
Project("{2150E333-8FDC-42A3-9474-1A3956D46DE8}") = "Basket", "Basket", "{E7E7AF10-6554-4DA2-B759-444B6BD8EA94}"
EndProject
Project("{9A19103F-16F7-4668-BE54-9A1E7A4F7556}") = "Basket.API", "Services\Basket\Basket.API\Basket.API.csproj", "{CD2D5C17-99C0-4264-89F0-5A4AD3EE4BDB}"
EndProject
Project("{2150E333-8FDC-42A3-9474-1A3956D46DE8}") = "Discount", "Discount", "{BD479EC5-EC87-46DF-8776-71B96545D09D}"
EndProject
Project("{9A19103F-16F7-4668-BE54-9A1E7A4F7556}") = "Discount.API", "Services\Discount\Discount.API\Discount.API.csproj", "{FD533071-73D8-4916-8B41-DD335B6B0A3E}"
EndProject
Project("{9A19103F-16F7-4668-BE54-9A1E7A4F7556}") = "Discount.Grpc", "Services\Discount\Discount.Grpc\Discount.Grpc.csproj", "{50EAB274-17C3-4F88-88E1-1B408C2C519F}"
EndProject
Global
	GlobalSection(SolutionConfigurationPlatforms) = preSolution
		Debug|Any CPU = Debug|Any CPU
		Release|Any CPU = Release|Any CPU
	EndGlobalSection
	GlobalSection(ProjectConfigurationPlatforms) = postSolution
		{F15DF87C-9ABE-473F-A710-2DCFB8DD7765}.Debug|Any CPU.ActiveCfg = Debug|Any CPU
		{F15DF87C-9ABE-473F-A710-2DCFB8DD7765}.Debug|Any CPU.Build.0 = Debug|Any CPU
		{F15DF87C-9ABE-473F-A710-2DCFB8DD7765}.Release|Any CPU.ActiveCfg = Release|Any CPU
		{F15DF87C-9ABE-473F-A710-2DCFB8DD7765}.Release|Any CPU.Build.0 = Release|Any CPU
		{E977FD14-716D-44FA-A2E7-FC02E3F88988}.Debug|Any CPU.ActiveCfg = Debug|Any CPU
		{E977FD14-716D-44FA-A2E7-FC02E3F88988}.Debug|Any CPU.Build.0 = Debug|Any CPU
		{E977FD14-716D-44FA-A2E7-FC02E3F88988}.Release|Any CPU.ActiveCfg = Release|Any CPU
		{E977FD14-716D-44FA-A2E7-FC02E3F88988}.Release|Any CPU.Build.0 = Release|Any CPU
		{CD2D5C17-99C0-4264-89F0-5A4AD3EE4BDB}.Debug|Any CPU.ActiveCfg = Debug|Any CPU
		{CD2D5C17-99C0-4264-89F0-5A4AD3EE4BDB}.Debug|Any CPU.Build.0 = Debug|Any CPU
		{CD2D5C17-99C0-4264-89F0-5A4AD3EE4BDB}.Release|Any CPU.ActiveCfg = Release|Any CPU
		{CD2D5C17-99C0-4264-89F0-5A4AD3EE4BDB}.Release|Any CPU.Build.0 = Release|Any CPU
		{FD533071-73D8-4916-8B41-DD335B6B0A3E}.Debug|Any CPU.ActiveCfg = Debug|Any CPU
		{FD533071-73D8-4916-8B41-DD335B6B0A3E}.Debug|Any CPU.Build.0 = Debug|Any CPU
		{FD533071-73D8-4916-8B41-DD335B6B0A3E}.Release|Any CPU.ActiveCfg = Release|Any CPU
		{FD533071-73D8-4916-8B41-DD335B6B0A3E}.Release|Any CPU.Build.0 = Release|Any CPU
		{50EAB274-17C3-4F88-88E1-1B408C2C519F}.Debug|Any CPU.ActiveCfg = Debug|Any CPU
		{50EAB274-17C3-4F88-88E1-1B408C2C519F}.Debug|Any CPU.Build.0 = Debug|Any CPU
		{50EAB274-17C3-4F88-88E1-1B408C2C519F}.Release|Any CPU.ActiveCfg = Release|Any CPU
		{50EAB274-17C3-4F88-88E1-1B408C2C519F}.Release|Any CPU.Build.0 = Release|Any CPU
	EndGlobalSection
	GlobalSection(SolutionProperties) = preSolution
		HideSolutionNode = FALSE
	EndGlobalSection
	GlobalSection(NestedProjects) = preSolution
		{C95DDDA6-F911-4F98-956E-B862B031C5B2} = {0C7F4A3B-F81F-4395-8471-8B0B92544170}
		{F15DF87C-9ABE-473F-A710-2DCFB8DD7765} = {C95DDDA6-F911-4F98-956E-B862B031C5B2}
		{E7E7AF10-6554-4DA2-B759-444B6BD8EA94} = {0C7F4A3B-F81F-4395-8471-8B0B92544170}
		{CD2D5C17-99C0-4264-89F0-5A4AD3EE4BDB} = {E7E7AF10-6554-4DA2-B759-444B6BD8EA94}
		{BD479EC5-EC87-46DF-8776-71B96545D09D} = {0C7F4A3B-F81F-4395-8471-8B0B92544170}
		{FD533071-73D8-4916-8B41-DD335B6B0A3E} = {BD479EC5-EC87-46DF-8776-71B96545D09D}
		{50EAB274-17C3-4F88-88E1-1B408C2C519F} = {BD479EC5-EC87-46DF-8776-71B96545D09D}
	EndGlobalSection
	GlobalSection(ExtensibilityGlobals) = postSolution
		SolutionGuid = {56C78C14-A3FD-42CF-873D-04E9EB6455B9}
	EndGlobalSection
EndGlobal
